{
  "name": "jordin",
  "version": "1.0.0",
  "lockfileVersion": 1,
  "requires": true,
  "dependencies": {
    "antlr4ts": {
      "version": "0.4.1-alpha.0",
      "resolved": "https://registry.npmjs.org/antlr4ts/-/antlr4ts-0.4.1-alpha.0.tgz",
      "integrity": "sha1-rFcX8w8++jYXsATo/0+GC5x9TSA="
    },
    "java-ast": {
      "version": "0.1.0",
      "resolved": "https://registry.npmjs.org/java-ast/-/java-ast-0.1.0.tgz",
      "integrity": "sha512-xa0fksWutSf2cDlhbd6yztYbDB7cChFAk5qZcN7onsOIPxT/xUtIJy3v9wgsUhiIi5+Q4vZg0lFIr7SAkkxADg==",
      "requires": {
        "antlr4ts": "^0.4.1-alpha.0"
      }
    }
  }
}
